
Microsoft Visual Studio Solution File, Format Version 12.00
# Visual Studio Version 17
VisualStudioVersion = 17.8.34511.84
MinimumVisualStudioVersion = 10.0.40219.1
Project("{FAE04EC0-301F-11D3-BF4B-00C04F79EFBC}") = "Algorithms", "Algorithms\Algorithms.csproj", "{CF0EE0A7-E33A-4EA2-B783-E56DD0BBFA01}"
EndProject
Global
	GlobalSection(SolutionConfigurationPlatforms) = preSolution
		Debug|Any CPU = Debug|Any CPU
		Release|Any CPU = Release|Any CPU
	EndGlobalSection
	GlobalSection(ProjectConfigurationPlatforms) = postSolution
		{CF0EE0A7-E33A-4EA2-B783-E56DD0BBFA01}.Debug|Any CPU.ActiveCfg = Debug|Any CPU
		{CF0EE0A7-E33A-4EA2-B783-E56DD0BBFA01}.Debug|Any CPU.Build.0 = Debug|Any CPU
		{CF0EE0A7-E33A-4EA2-B783-E56DD0BBFA01}.Release|Any CPU.ActiveCfg = Release|Any CPU
		{CF0EE0A7-E33A-4EA2-B783-E56DD0BBFA01}.Release|Any CPU.Build.0 = Release|Any CPU
	EndGlobalSection
	GlobalSection(SolutionProperties) = preSolution
		HideSolutionNode = FALSE
	EndGlobalSection
	GlobalSection(ExtensibilityGlobals) = postSolution
		SolutionGuid = {D76FE6AC-520A-4E4F-A698-8E36F245F9B3}
	EndGlobalSection
EndGlobal
